
Microsoft Visual Studio Solution File, Format Version 9.00
# Visual Studio 2005
Project("{8BC9CEB8-8B4A-11D0-8D11-00A0C91BC942}") = "Gui", "GUI\Gui.vcproj", "{D20ADCC6-2DC9-4857-9DC5-F8ABB7BE45D1}"
EndProject
Project("{8BC9CEB8-8B4A-11D0-8D11-00A0C91BC942}") = "Runtime", "RUNTIME\Runtime.vcproj", "{B5ACFC1B-37C9-4C69-BC79-9C0C6361218F}"
EndProject
Global
	GlobalSection(SolutionConfigurationPlatforms) = preSolution
		Debug|Win32 = Debug|Win32
		Release|Win32 = Release|Win32
	EndGlobalSection
	GlobalSection(ProjectConfigurationPlatforms) = postSolution
		{D20ADCC6-2DC9-4857-9DC5-F8ABB7BE45D1}.Debug|Win32.ActiveCfg = Debug|Win32
		{D20ADCC6-2DC9-4857-9DC5-F8ABB7BE45D1}.Debug|Win32.Build.0 = Debug|Win32
		{D20ADCC6-2DC9-4857-9DC5-F8ABB7BE45D1}.Release|Win32.ActiveCfg = Release|Win32
		{D20ADCC6-2DC9-4857-9DC5-F8ABB7BE45D1}.Release|Win32.Build.0 = Release|Win32
		{B5ACFC1B-37C9-4C69-BC79-9C0C6361218F}.Debug|Win32.ActiveCfg = Debug|Win32
		{B5ACFC1B-37C9-4C69-BC79-9C0C6361218F}.Debug|Win32.Build.0 = Debug|Win32
		{B5ACFC1B-37C9-4C69-BC79-9C0C6361218F}.Release|Win32.ActiveCfg = Release|Win32
		{B5ACFC1B-37C9-4C69-BC79-9C0C6361218F}.Release|Win32.Build.0 = Release|Win32
	EndGlobalSection
	GlobalSection(SolutionProperties) = preSolution
		HideSolutionNode = FALSE
	EndGlobalSection
EndGlobal
